
Microsoft Visual Studio Solution File, Format Version 11.00
# Visual Studio 2010
Project("{E17AB4A1-DF35-4579-9E91-0CFFBFB6391A}") = "DSVGame", "DSVGame.ucproj", "{7643EE92-D1FA-474A-BA7B-7C361A38AE59}"
EndProject
Global
	GlobalSection(SolutionConfigurationPlatforms) = preSolution
		Debug|Win32 = Debug|Win32
		Release|Win32 = Release|Win32
	EndGlobalSection
	GlobalSection(ProjectConfigurationPlatforms) = postSolution
		{7643EE92-D1FA-474A-BA7B-7C361A38AE59}.Debug|Win32.ActiveCfg = Debug|Win32
		{7643EE92-D1FA-474A-BA7B-7C361A38AE59}.Debug|Win32.Build.0 = Debug|Win32
		{7643EE92-D1FA-474A-BA7B-7C361A38AE59}.Release|Win32.ActiveCfg = Release|Win32
		{7643EE92-D1FA-474A-BA7B-7C361A38AE59}.Release|Win32.Build.0 = Release|Win32
	EndGlobalSection
	GlobalSection(SolutionProperties) = preSolution
		HideSolutionNode = FALSE
	EndGlobalSection
EndGlobal
